{
  "version": "5",
  "specifiers": {
    "jsr:@std/io@0.225.3": "0.225.3",
    "npm:arktype@2.2.5": "2.2.5"
  },
  "jsr": {
    "@std/io@0.225.3": {
      "integrity": "27b07b591384d12d7b568f39e61dff966b8230559122df1e9fd11cc068f7ddd1"
    }
  },
  "npm": {
    "@ark/schema@0.56.4": {
      "integrity": "sha512-nd4OqaWdKZJeGF5zNmZysDQO7NyyJ1ycl4S7i16Hj1VxqL+x72Z66lOn7ErpsoMUZtCtslAMHMjqJhuQSxciyw==",
      "dependencies": [
        "@ark/util"
      ]
    },
    "@ark/util@0.56.4": {
      "integrity": "sha512-KKqwGSia44cvuuDY70jGfbiUdG2E8F2cM4npdqvJ22S5a0LknlwG6nIrfQG1nF8fzxpzP30098wp0a8ASs0prQ=="
    },
    "arkregex@0.0.10": {
      "integrity": "sha512-+iDWBYBjH8w7wqEv8VY4loBwRldFxX84KNwKbobH3FJPay/18XI9sTesmXYpKyIrgbC5z/s16+vSJYHCC9FEvQ==",
      "dependencies": [
        "@ark/util"
      ]
    },
    "arktype@2.2.5": {
      "integrity": "sha512-c9oqY1eBab2LceqvpWX50xae2HB8P/nJPxRhuhPVf5lEDi3WQpf7WQflJFMsyCiA3NGh6zENOlse30gWBzlwDg==",
      "dependencies": [
        "@ark/schema",
        "@ark/util",
        "arkregex"
      ]
    }
  },
  "workspace": {
    "dependencies": [
      "jsr:@std/io@0.225.3",
      "npm:arktype@2.2.5"
    ]
  }
}
