{
  "version": "5",
  "specifiers": {
    "jsr:@libs/diff@4.0.0": "4.0.0",
    "jsr:@std/cli@1.0.15": "1.0.15",
    "jsr:@std/internal@^1.0.14": "1.0.14",
    "jsr:@std/path@1.1.6": "1.1.6",
    "jsr:@std/yaml@1.0.4": "1.0.4",
    "npm:arktype@2.2.3": "2.2.3"
  },
  "jsr": {
    "@libs/diff@4.0.0": {
      "integrity": "f4ebf2acd54b3266093c335d4a3f89ae0cb65e92c4baf1b93dbaeff8491708fd"
    },
    "@std/cli@1.0.15": {
      "integrity": "e79ba3272ec710ca44d8342a7688e6288b0b88802703f3264184b52893d5e93f"
    },
    "@std/internal@1.0.14": {
      "integrity": "291516b3d4c35024d6ffbc0a9df5bf4c64116e05b50012cf846710152d2ffdf7"
    },
    "@std/path@1.1.6": {
      "integrity": "c68485c2a4dfbb5ae3cc74fae4e8c4e5d874cf8a8ed12927917235c758b46cbe",
      "dependencies": [
        "jsr:@std/internal"
      ]
    },
    "@std/yaml@1.0.4": {
      "integrity": "f1e38fa5e110ff8550e938715e52c33347676dd00a1db858e092dd21a9df9941"
    }
  },
  "npm": {
    "@ark/schema@0.56.2": {
      "integrity": "sha512-Qx4D2JFbBWpntiHZaTv7bGG4H/M2rigiknezKg/WVyDSaLdE4YCcWAOoFB7pjjDqHbbV2OqRfntm1nnXvwMexg==",
      "dependencies": [
        "@ark/util"
      ]
    },
    "@ark/util@0.56.2": {
      "integrity": "sha512-9kU2sUE38FZEGG7l3hamYMBieLYEJh2L1mrYD2eXpT+78EnQSV1bhjxJhnxGBMSTbtwpBSDNSK+K60WvaI/DTQ=="
    },
    "arkregex@0.0.8": {
      "integrity": "sha512-PJcx6G1kQTgLKPUbeYlYecDRaKq15AMSGVajlKFYWlPeJRQL+j3dKE6tyMs40HZ99djS1l9Vhl3ezAHy9JBIqQ==",
      "dependencies": [
        "@ark/util"
      ]
    },
    "arktype@2.2.3": {
      "integrity": "sha512-7W+0RLTUNJiBFIIZXwOQxSR8Z273IAd6IvqBeG9+gHnQKFsIx2C0iOtGTmMrPnlX4qLXyc5+ll7A0BIj9WrbTg==",
      "dependencies": [
        "@ark/schema",
        "@ark/util",
        "arkregex"
      ]
    }
  },
  "workspace": {
    "dependencies": [
      "jsr:@libs/diff@4.0.0",
      "jsr:@std/cli@1.0.15",
      "jsr:@std/path@1.1.6",
      "jsr:@std/yaml@1.0.4",
      "npm:arktype@2.2.3"
    ]
  }
}
